
Microsoft Visual Studio Solution File, Format Version 12.00
# Visual Studio Version 17
VisualStudioVersion = 17.5.002.0
MinimumVisualStudioVersion = 10.0.40219.1
Project("{9A19103F-16F7-4668-BE54-9A1E7A4F7556}") = "ProjectOverride", "ProjectOverride.csproj", "{3C996021-E53A-482D-B26F-CB451224716E}"
EndProject
Global
	GlobalSection(SolutionConfigurationPlatforms) = preSolution
		Debug|Any CPU = Debug|Any CPU
		Release|Any CPU = Release|Any CPU
	EndGlobalSection
	GlobalSection(ProjectConfigurationPlatforms) = postSolution
		{3C996021-E53A-482D-B26F-CB451224716E}.Debug|Any CPU.ActiveCfg = Debug|Any CPU
		{3C996021-E53A-482D-B26F-CB451224716E}.Debug|Any CPU.Build.0 = Debug|Any CPU
		{3C996021-E53A-482D-B26F-CB451224716E}.Release|Any CPU.ActiveCfg = Release|Any CPU
		{3C996021-E53A-482D-B26F-CB451224716E}.Release|Any CPU.Build.0 = Release|Any CPU
	EndGlobalSection
	GlobalSection(SolutionProperties) = preSolution
		HideSolutionNode = FALSE
	EndGlobalSection
	GlobalSection(ExtensibilityGlobals) = postSolution
		SolutionGuid = {2687CC86-2614-4572-80FF-65A6339D4CBC}
	EndGlobalSection
EndGlobal
